
Microsoft Visual Studio Solution File, Format Version 12.00
# Visual Studio 2013
VisualStudioVersion = 12.0.31101.0
MinimumVisualStudioVersion = 10.0.40219.1
Project("{FAE04EC0-301F-11D3-BF4B-00C04F79EFBC}") = "Silverlight.Media.Shoutcast", "Silverlight.Media.Shoutcast\Silverlight.Media.Shoutcast.csproj", "{65DD033A-AA4C-414F-8D23-F8642A74CC3F}"
EndProject
Project("{FAE04EC0-301F-11D3-BF4B-00C04F79EFBC}") = "Silverlight.Media.Shoutcast.Phone", "Silverlight.Media.Shoutcast\Silverlight.Media.Shoutcast.Phone.csproj", "{05CC4102-451C-4EB5-8FEA-614F5B49AB2D}"
EndProject
Project("{FAE04EC0-301F-11D3-BF4B-00C04F79EFBC}") = "Shoutcast.Sample.Phone", "Shoutcast.Sample.Phone\Shoutcast.Sample.Phone.csproj", "{EE25CCA0-8001-4420-B724-798E6FE7A46D}"
EndProject
Project("{FAE04EC0-301F-11D3-BF4B-00C04F79EFBC}") = "Shoutcast.Sample", "Shoutcast.Sample\Shoutcast.Sample.csproj", "{39F4E0A0-DDF1-4476-9C93-2D8301B955D9}"
EndProject
Project("{FAE04EC0-301F-11D3-BF4B-00C04F79EFBC}") = "Shoutcast.Sample.Phone.Background", "Shoutcast.Sample.Phone.Background\Shoutcast.Sample.Phone.Background.csproj", "{A80155C6-79E1-4EFE-B473-D6F9E0A49609}"
EndProject
Project("{FAE04EC0-301F-11D3-BF4B-00C04F79EFBC}") = "Shoutcast.Sample.Phone.Background.Playback", "Shoutcast.Sample.Phone.Background.PlaybackAgent\Shoutcast.Sample.Phone.Background.Playback.csproj", "{12F8E56D-728C-4073-BDA5-058E6222DE51}"
EndProject
Global
	GlobalSection(SolutionConfigurationPlatforms) = preSolution
		Debug|Any CPU = Debug|Any CPU
		Debug|ARM = Debug|ARM
		Debug|x86 = Debug|x86
		Release|Any CPU = Release|Any CPU
		Release|ARM = Release|ARM
		Release|x86 = Release|x86
	EndGlobalSection
	GlobalSection(ProjectConfigurationPlatforms) = postSolution
		{65DD033A-AA4C-414F-8D23-F8642A74CC3F}.Debug|Any CPU.ActiveCfg = Debug|Any CPU
		{65DD033A-AA4C-414F-8D23-F8642A74CC3F}.Debug|Any CPU.Build.0 = Debug|Any CPU
		{65DD033A-AA4C-414F-8D23-F8642A74CC3F}.Debug|ARM.ActiveCfg = Debug|Any CPU
		{65DD033A-AA4C-414F-8D23-F8642A74CC3F}.Debug|x86.ActiveCfg = Debug|Any CPU
		{65DD033A-AA4C-414F-8D23-F8642A74CC3F}.Release|Any CPU.ActiveCfg = Release|Any CPU
		{65DD033A-AA4C-414F-8D23-F8642A74CC3F}.Release|Any CPU.Build.0 = Release|Any CPU
		{65DD033A-AA4C-414F-8D23-F8642A74CC3F}.Release|ARM.ActiveCfg = Release|Any CPU
		{65DD033A-AA4C-414F-8D23-F8642A74CC3F}.Release|x86.ActiveCfg = Release|Any CPU
		{05CC4102-451C-4EB5-8FEA-614F5B49AB2D}.Debug|Any CPU.ActiveCfg = Debug|Any CPU
		{05CC4102-451C-4EB5-8FEA-614F5B49AB2D}.Debug|Any CPU.Build.0 = Debug|Any CPU
		{05CC4102-451C-4EB5-8FEA-614F5B49AB2D}.Debug|ARM.ActiveCfg = Debug|ARM
		{05CC4102-451C-4EB5-8FEA-614F5B49AB2D}.Debug|ARM.Build.0 = Debug|ARM
		{05CC4102-451C-4EB5-8FEA-614F5B49AB2D}.Debug|x86.ActiveCfg = Debug|x86
		{05CC4102-451C-4EB5-8FEA-614F5B49AB2D}.Debug|x86.Build.0 = Debug|x86
		{05CC4102-451C-4EB5-8FEA-614F5B49AB2D}.Release|Any CPU.ActiveCfg = Release|Any CPU
		{05CC4102-451C-4EB5-8FEA-614F5B49AB2D}.Release|Any CPU.Build.0 = Release|Any CPU
		{05CC4102-451C-4EB5-8FEA-614F5B49AB2D}.Release|ARM.ActiveCfg = Release|ARM
		{05CC4102-451C-4EB5-8FEA-614F5B49AB2D}.Release|ARM.Build.0 = Release|ARM
		{05CC4102-451C-4EB5-8FEA-614F5B49AB2D}.Release|x86.ActiveCfg = Release|x86
		{05CC4102-451C-4EB5-8FEA-614F5B49AB2D}.Release|x86.Build.0 = Release|x86
		{EE25CCA0-8001-4420-B724-798E6FE7A46D}.Debug|Any CPU.ActiveCfg = Debug|Any CPU
		{EE25CCA0-8001-4420-B724-798E6FE7A46D}.Debug|Any CPU.Build.0 = Debug|Any CPU
		{EE25CCA0-8001-4420-B724-798E6FE7A46D}.Debug|Any CPU.Deploy.0 = Debug|Any CPU
		{EE25CCA0-8001-4420-B724-798E6FE7A46D}.Debug|ARM.ActiveCfg = Debug|ARM
		{EE25CCA0-8001-4420-B724-798E6FE7A46D}.Debug|ARM.Build.0 = Debug|ARM
		{EE25CCA0-8001-4420-B724-798E6FE7A46D}.Debug|ARM.Deploy.0 = Debug|ARM
		{EE25CCA0-8001-4420-B724-798E6FE7A46D}.Debug|x86.ActiveCfg = Debug|x86
		{EE25CCA0-8001-4420-B724-798E6FE7A46D}.Debug|x86.Build.0 = Debug|x86
		{EE25CCA0-8001-4420-B724-798E6FE7A46D}.Debug|x86.Deploy.0 = Debug|x86
		{EE25CCA0-8001-4420-B724-798E6FE7A46D}.Release|Any CPU.ActiveCfg = Release|Any CPU
		{EE25CCA0-8001-4420-B724-798E6FE7A46D}.Release|Any CPU.Build.0 = Release|Any CPU
		{EE25CCA0-8001-4420-B724-798E6FE7A46D}.Release|Any CPU.Deploy.0 = Release|Any CPU
		{EE25CCA0-8001-4420-B724-798E6FE7A46D}.Release|ARM.ActiveCfg = Release|ARM
		{EE25CCA0-8001-4420-B724-798E6FE7A46D}.Release|ARM.Build.0 = Release|ARM
		{EE25CCA0-8001-4420-B724-798E6FE7A46D}.Release|ARM.Deploy.0 = Release|ARM
		{EE25CCA0-8001-4420-B724-798E6FE7A46D}.Release|x86.ActiveCfg = Release|x86
		{EE25CCA0-8001-4420-B724-798E6FE7A46D}.Release|x86.Build.0 = Release|x86
		{EE25CCA0-8001-4420-B724-798E6FE7A46D}.Release|x86.Deploy.0 = Release|x86
		{39F4E0A0-DDF1-4476-9C93-2D8301B955D9}.Debug|Any CPU.ActiveCfg = Debug|Any CPU
		{39F4E0A0-DDF1-4476-9C93-2D8301B955D9}.Debug|Any CPU.Build.0 = Debug|Any CPU
		{39F4E0A0-DDF1-4476-9C93-2D8301B955D9}.Debug|ARM.ActiveCfg = Debug|Any CPU
		{39F4E0A0-DDF1-4476-9C93-2D8301B955D9}.Debug|x86.ActiveCfg = Debug|Any CPU
		{39F4E0A0-DDF1-4476-9C93-2D8301B955D9}.Release|Any CPU.ActiveCfg = Release|Any CPU
		{39F4E0A0-DDF1-4476-9C93-2D8301B955D9}.Release|Any CPU.Build.0 = Release|Any CPU
		{39F4E0A0-DDF1-4476-9C93-2D8301B955D9}.Release|ARM.ActiveCfg = Release|Any CPU
		{39F4E0A0-DDF1-4476-9C93-2D8301B955D9}.Release|x86.ActiveCfg = Release|Any CPU
		{A80155C6-79E1-4EFE-B473-D6F9E0A49609}.Debug|Any CPU.ActiveCfg = Debug|Any CPU
		{A80155C6-79E1-4EFE-B473-D6F9E0A49609}.Debug|Any CPU.Build.0 = Debug|Any CPU
		{A80155C6-79E1-4EFE-B473-D6F9E0A49609}.Debug|Any CPU.Deploy.0 = Debug|Any CPU
		{A80155C6-79E1-4EFE-B473-D6F9E0A49609}.Debug|ARM.ActiveCfg = Debug|ARM
		{A80155C6-79E1-4EFE-B473-D6F9E0A49609}.Debug|ARM.Build.0 = Debug|ARM
		{A80155C6-79E1-4EFE-B473-D6F9E0A49609}.Debug|ARM.Deploy.0 = Debug|ARM
		{A80155C6-79E1-4EFE-B473-D6F9E0A49609}.Debug|x86.ActiveCfg = Debug|x86
		{A80155C6-79E1-4EFE-B473-D6F9E0A49609}.Debug|x86.Build.0 = Debug|x86
		{A80155C6-79E1-4EFE-B473-D6F9E0A49609}.Debug|x86.Deploy.0 = Debug|x86
		{A80155C6-79E1-4EFE-B473-D6F9E0A49609}.Release|Any CPU.ActiveCfg = Release|Any CPU
		{A80155C6-79E1-4EFE-B473-D6F9E0A49609}.Release|Any CPU.Build.0 = Release|Any CPU
		{A80155C6-79E1-4EFE-B473-D6F9E0A49609}.Release|Any CPU.Deploy.0 = Release|Any CPU
		{A80155C6-79E1-4EFE-B473-D6F9E0A49609}.Release|ARM.ActiveCfg = Release|ARM
		{A80155C6-79E1-4EFE-B473-D6F9E0A49609}.Release|ARM.Build.0 = Release|ARM
		{A80155C6-79E1-4EFE-B473-D6F9E0A49609}.Release|ARM.Deploy.0 = Release|ARM
		{A80155C6-79E1-4EFE-B473-D6F9E0A49609}.Release|x86.ActiveCfg = Release|x86
		{A80155C6-79E1-4EFE-B473-D6F9E0A49609}.Release|x86.Build.0 = Release|x86
		{A80155C6-79E1-4EFE-B473-D6F9E0A49609}.Release|x86.Deploy.0 = Release|x86
		{12F8E56D-728C-4073-BDA5-058E6222DE51}.Debug|Any CPU.ActiveCfg = Debug|Any CPU
		{12F8E56D-728C-4073-BDA5-058E6222DE51}.Debug|Any CPU.Build.0 = Debug|Any CPU
		{12F8E56D-728C-4073-BDA5-058E6222DE51}.Debug|ARM.ActiveCfg = Debug|ARM
		{12F8E56D-728C-4073-BDA5-058E6222DE51}.Debug|ARM.Build.0 = Debug|ARM
		{12F8E56D-728C-4073-BDA5-058E6222DE51}.Debug|x86.ActiveCfg = Debug|x86
		{12F8E56D-728C-4073-BDA5-058E6222DE51}.Debug|x86.Build.0 = Debug|x86
		{12F8E56D-728C-4073-BDA5-058E6222DE51}.Release|Any CPU.ActiveCfg = Release|Any CPU
		{12F8E56D-728C-4073-BDA5-058E6222DE51}.Release|Any CPU.Build.0 = Release|Any CPU
		{12F8E56D-728C-4073-BDA5-058E6222DE51}.Release|ARM.ActiveCfg = Release|ARM
		{12F8E56D-728C-4073-BDA5-058E6222DE51}.Release|ARM.Build.0 = Release|ARM
		{12F8E56D-728C-4073-BDA5-058E6222DE51}.Release|x86.ActiveCfg = Release|x86
		{12F8E56D-728C-4073-BDA5-058E6222DE51}.Release|x86.Build.0 = Release|x86
	EndGlobalSection
	GlobalSection(SolutionProperties) = preSolution
		HideSolutionNode = FALSE
	EndGlobalSection
EndGlobal
